<?xml version="1.0" encoding="utf-8"?>
<Project ToolsVersion="4.0" xmlns="http://schemas.microsoft.com/developer/msbuild/2003">
  <ItemGroup>
    <Filter Include="Arquivos de Recurso">
      <UniqueIdentifier>{67DA6AB6-F800-4c08-8B7A-83BB121AAD01}</UniqueIdentifier>
      <Extensions>rc;ico;cur;bmp;dlg;rc2;rct;bin;rgs;gif;jpg;jpeg;jpe;resx;tiff;tif;png;wav;mfcribbon-ms</Extensions>
    </Filter>
    <Filter Include="source">
      <UniqueIdentifier>{4FC737F1-C7A5-4376-A066-2A32D752A2FF}</UniqueIdentifier>
      <Extensions>cpp;c;cc;cxx;def;odl;idl;hpj;bat;asm;asmx</Extensions>
    </Filter>
    <Filter Include="headers">
      <UniqueIdentifier>{93995380-89BD-4b04-88EB-625FBE52EBFB}</UniqueIdentifier>
      <Extensions>h;hh;hpp;hxx;hm;inl;inc;ipp;xsd</Extensions>
    </Filter>
    <Filter Include="headers\Objects">
      <UniqueIdentifier>{3ba2f449-a4f4-404b-9183-2bcf448b7226}</UniqueIdentifier>
    </Filter>
    <Filter Include="source\Objects">
      <UniqueIdentifier>{62b841ab-45e2-4270-a8e4-9123e2fbab72}</UniqueIdentifier>
    </Filter>
    <Filter Include="headers\Shading">
      <UniqueIdentifier>{7ffa8f52-2fb1-4b81-9028-0dec03b752d2}</UniqueIdentifier>
    </Filter>
    <Filter Include="headers\Rendering">
      <UniqueIdentifier>{40cfd4b7-b41c-4c88-bf91-3bfbd7009bac}</UniqueIdentifier>
    </Filter>
    <Filter Include="headers\Rendering\Lights">
      <UniqueIdentifier>{19b8494e-4d89-4882-9af8-9f743c390a8a}</UniqueIdentifier>
    </Filter>
    <Filter Include="source\Shading">
      <UniqueIdentifier>{58ae27df-e7f7-4baa-a38e-57badfd19d37}</UniqueIdentifier>
    </Filter>
    <Filter Include="source\Rendering">
      <UniqueIdentifier>{5df8c412-b98d-444c-832f-30326c4d9c79}</UniqueIdentifier>
    </Filter>
    <Filter Include="source\Rendering\Lights">
      <UniqueIdentifier>{2fe8077b-0391-4b6a-9f47-c605a7c5c514}</UniqueIdentifier>
    </Filter>
    <Filter Include="source\Loader">
      <UniqueIdentifier>{404a4499-e1b0-4796-980e-b931cfe49521}</UniqueIdentifier>
    </Filter>
    <Filter Include="headers\Loader">
      <UniqueIdentifier>{f77a6e3c-a66b-4d6f-9e5f-b1ec2b1fcddb}</UniqueIdentifier>
    </Filter>
  </ItemGroup>
  <ItemGroup>
    <ClCompile Include="source\RayTracing_from_scratch.cpp">
      <Filter>source</Filter>
    </ClCompile>
    <ClCompile Include="source\pch.cpp">
      <Filter>source</Filter>
    </ClCompile>
    <ClCompile Include="source\Object\GroundPlane.cpp">
      <Filter>source\Objects</Filter>
    </ClCompile>
    <ClCompile Include="source\Object\Object.cpp">
      <Filter>source\Objects</Filter>
    </ClCompile>
    <ClCompile Include="source\Object\Mesh.cpp">
      <Filter>source\Objects</Filter>
    </ClCompile>
    <ClCompile Include="source\Object\Triangle.cpp">
      <Filter>source\Objects</Filter>
    </ClCompile>
    <ClCompile Include="source\Shading\Material.cpp">
      <Filter>source\Shading</Filter>
    </ClCompile>
    <ClCompile Include="source\Rendering\PinholeCamera.cpp">
      <Filter>source\Rendering</Filter>
    </ClCompile>
    <ClCompile Include="source\Rendering\Ray.cpp">
      <Filter>source\Rendering</Filter>
    </ClCompile>
    <ClCompile Include="source\Rendering\Scene.cpp">
      <Filter>source\Rendering</Filter>
    </ClCompile>
    <ClCompile Include="source\Rendering\Light.cpp">
      <Filter>source\Rendering\Lights</Filter>
    </ClCompile>
    <ClCompile Include="source\Loader\SceneLoader.cpp">
      <Filter>source\Loader</Filter>
    </ClCompile>
    <ClCompile Include="source\Rendering\RenderManager.cpp">
      <Filter>source\Rendering</Filter>
    </ClCompile>
    <ClCompile Include="source\Shading\Texture.cpp">
      <Filter>source\Shading</Filter>
    </ClCompile>
    <ClCompile Include="source\Shading\DiffuseMaterial.cpp">
      <Filter>source\Shading</Filter>
    </ClCompile>
    <ClCompile Include="source\Shading\GlossyMaterial.cpp">
      <Filter>source\Shading</Filter>
    </ClCompile>
  </ItemGroup>
  <ItemGroup>
    <ClInclude Include="include\RayTracing_from_scratch.h">
      <Filter>headers</Filter>
    </ClInclude>
    <ClInclude Include="include\pch.h">
      <Filter>headers</Filter>
    </ClInclude>
    <ClInclude Include="include\RandUtil.h">
      <Filter>headers</Filter>
    </ClInclude>
    <ClInclude Include="include\Object\Mesh.h">
      <Filter>headers\Objects</Filter>
    </ClInclude>
    <ClInclude Include="include\Object\GroundPlane.h">
      <Filter>headers\Objects</Filter>
    </ClInclude>
    <ClInclude Include="include\Object\Triangle.h">
      <Filter>headers\Objects</Filter>
    </ClInclude>
    <ClInclude Include="include\Object\Object.h">
      <Filter>headers\Objects</Filter>
    </ClInclude>
    <ClInclude Include="include\Shading\Material.h">
      <Filter>headers\Shading</Filter>
    </ClInclude>
    <ClInclude Include="include\Rendering\Light.h">
      <Filter>headers\Rendering\Lights</Filter>
    </ClInclude>
    <ClInclude Include="include\Rendering\Scene.h">
      <Filter>headers\Rendering</Filter>
    </ClInclude>
    <ClInclude Include="include\Rendering\Ray.h">
      <Filter>headers\Rendering</Filter>
    </ClInclude>
    <ClInclude Include="include\Rendering\PinholeCamera.h">
      <Filter>headers\Rendering</Filter>
    </ClInclude>
    <ClInclude Include="include\Loader\SceneLoader.h">
      <Filter>headers\Loader</Filter>
    </ClInclude>
    <ClInclude Include="include\RenderHeaders.h">
      <Filter>headers</Filter>
    </ClInclude>
    <ClInclude Include="include\Rendering\RenderManager.h">
      <Filter>headers\Rendering</Filter>
    </ClInclude>
    <ClInclude Include="include\Shading\Texture.h">
      <Filter>headers\Shading</Filter>
    </ClInclude>
    <ClInclude Include="include\Shading\DiffuseMaterial.h">
      <Filter>headers\Shading</Filter>
    </ClInclude>
    <ClInclude Include="include\Shading\GlossyMaterial.h">
      <Filter>headers\Shading</Filter>
    </ClInclude>
  </ItemGroup>
</Project>